// !$*UTF8*$!
{
	archiveVersion = 1;
	classes = {
	};
	objectVersion = 56;
	objects = {

/* Begin PBXBuildFile section */
		4D205C9DBBEE7D729D2CB3C3 /* Pods_Futballory.framework in Frameworks */ = {isa = PBXBuildFile; fileRef = 6AF6D2897C7B1F2A3C87137A /* Pods_Futballory.framework */; };
		B87E01A12AF60128003FD290 /* MainTabBarViewController.swift in Sources */ = {isa = PBXBuildFile; fileRef = B87E01A02AF60128003FD290 /* MainTabBarViewController.swift */; };
		B87E01A52AF60BE0003FD290 /* ImageCatalog.swift in Sources */ = {isa = PBXBuildFile; fileRef = B87E01A42AF60BE0003FD290 /* ImageCatalog.swift */; };
		B87E01A82AF60D03003FD290 /* MainRouter.swift in Sources */ = {isa = PBXBuildFile; fileRef = B87E01A72AF60D03003FD290 /* MainRouter.swift */; };
		B87E01AA2AF60E1B003FD290 /* MainPresenter.swift in Sources */ = {isa = PBXBuildFile; fileRef = B87E01A92AF60E1B003FD290 /* MainPresenter.swift */; };
		B87E01AD2AF60F4A003FD290 /* MainView.swift in Sources */ = {isa = PBXBuildFile; fileRef = B87E01AC2AF60F4A003FD290 /* MainView.swift */; };
		B87E01B02AFB26A4003FD290 /* NetworkResult.swift in Sources */ = {isa = PBXBuildFile; fileRef = B87E01AF2AFB26A4003FD290 /* NetworkResult.swift */; };
		B87E01B22AFB27E0003FD290 /* NetworkRouter.swift in Sources */ = {isa = PBXBuildFile; fileRef = B87E01B12AFB27E0003FD290 /* NetworkRouter.swift */; };
		B87E01B42AFB29FA003FD290 /* NetworkManager.swift in Sources */ = {isa = PBXBuildFile; fileRef = B87E01B32AFB29FA003FD290 /* NetworkManager.swift */; };
		B87E01B62AFB2CC5003FD290 /* NetworkEndpoints.swift in Sources */ = {isa = PBXBuildFile; fileRef = B87E01B52AFB2CC5003FD290 /* NetworkEndpoints.swift */; };
		B87E01B92AFC57AC003FD290 /* SplashRouter.swift in Sources */ = {isa = PBXBuildFile; fileRef = B87E01B82AFC57AC003FD290 /* SplashRouter.swift */; };
		B87E01BB2AFC5A70003FD290 /* SplashPresenter.swift in Sources */ = {isa = PBXBuildFile; fileRef = B87E01BA2AFC5A70003FD290 /* SplashPresenter.swift */; };
		B87E01BD2AFC5C6E003FD290 /* SplashView.swift in Sources */ = {isa = PBXBuildFile; fileRef = B87E01BC2AFC5C6E003FD290 /* SplashView.swift */; };
		B87E01BF2AFC6B7D003FD290 /* SplashInteractor.swift in Sources */ = {isa = PBXBuildFile; fileRef = B87E01BE2AFC6B7D003FD290 /* SplashInteractor.swift */; };
		B87E01C22AFC7193003FD290 /* TokenResponse.swift in Sources */ = {isa = PBXBuildFile; fileRef = B87E01C12AFC7193003FD290 /* TokenResponse.swift */; };
		B87E01C52AFC74BD003FD290 /* SplashPresenterInputOutput.swift in Sources */ = {isa = PBXBuildFile; fileRef = B87E01C42AFC74BD003FD290 /* SplashPresenterInputOutput.swift */; };
		B87E01C72AFDBDDE003FD290 /* Content.swift in Sources */ = {isa = PBXBuildFile; fileRef = B87E01C62AFDBDDE003FD290 /* Content.swift */; };
		B87E01CA2AFDBEDC003FD290 /* UIViewController+AlertController.swift in Sources */ = {isa = PBXBuildFile; fileRef = B87E01C92AFDBEDC003FD290 /* UIViewController+AlertController.swift */; };
		B87E01CC2AFDC9AF003FD290 /* MainInteractor.swift in Sources */ = {isa = PBXBuildFile; fileRef = B87E01CB2AFDC9AF003FD290 /* MainInteractor.swift */; };
		B87E01CE2AFDCA84003FD290 /* MatchResponse.swift in Sources */ = {isa = PBXBuildFile; fileRef = B87E01CD2AFDCA84003FD290 /* MatchResponse.swift */; };
		B87E01D12AFDCD04003FD290 /* MainPresenterInputOutput.swift in Sources */ = {isa = PBXBuildFile; fileRef = B87E01D02AFDCD04003FD290 /* MainPresenterInputOutput.swift */; };
		B87E01D42B000B69003FD290 /* MainMatchViewCell.swift in Sources */ = {isa = PBXBuildFile; fileRef = B87E01D32B000B69003FD290 /* MainMatchViewCell.swift */; };
		B87E01D62B0022C0003FD290 /* UIImageView+Extensions.swift in Sources */ = {isa = PBXBuildFile; fileRef = B87E01D52B0022C0003FD290 /* UIImageView+Extensions.swift */; };
		B87E01D82B004657003FD290 /* MainMatchScoreView.swift in Sources */ = {isa = PBXBuildFile; fileRef = B87E01D72B004657003FD290 /* MainMatchScoreView.swift */; };
		B87E01DB2B006D96003FD290 /* FeaturesTabsRouter.swift in Sources */ = {isa = PBXBuildFile; fileRef = B87E01DA2B006D96003FD290 /* FeaturesTabsRouter.swift */; };
		B87E01E22B007016003FD290 /* FeaturesTabsPresenter.swift in Sources */ = {isa = PBXBuildFile; fileRef = B87E01E12B007016003FD290 /* FeaturesTabsPresenter.swift */; };
		B87E01E42B0072BA003FD290 /* FeaturesView.swift in Sources */ = {isa = PBXBuildFile; fileRef = B87E01E32B0072BA003FD290 /* FeaturesView.swift */; };
		B87E01E62B00778F003FD290 /* FeaturesTabsView.swift in Sources */ = {isa = PBXBuildFile; fileRef = B87E01E52B00778F003FD290 /* FeaturesTabsView.swift */; };
		B87E01E82B0302DA003FD290 /* DateResponse.swift in Sources */ = {isa = PBXBuildFile; fileRef = B87E01E72B0302DA003FD290 /* DateResponse.swift */; };
		B87E01EB2B030543003FD290 /* Defaults.swift in Sources */ = {isa = PBXBuildFile; fileRef = B87E01EA2B030543003FD290 /* Defaults.swift */; };
		B87E01F02B031396003FD290 /* FeaturesTabsPresenterInputOutput.swift in Sources */ = {isa = PBXBuildFile; fileRef = B87E01EF2B031396003FD290 /* FeaturesTabsPresenterInputOutput.swift */; };
		B87E01F22B044879003FD290 /* FeaturesRouter.swift in Sources */ = {isa = PBXBuildFile; fileRef = B87E01F12B044879003FD290 /* FeaturesRouter.swift */; };
		B87E01F42B044A70003FD290 /* FeaturesPresenter.swift in Sources */ = {isa = PBXBuildFile; fileRef = B87E01F32B044A70003FD290 /* FeaturesPresenter.swift */; };
		B87E01F72B05A96A003FD290 /* FeatureViewCell.swift in Sources */ = {isa = PBXBuildFile; fileRef = B87E01F62B05A96A003FD290 /* FeatureViewCell.swift */; };
		B87E01F92B05AD4F003FD290 /* FeatureTeamView.swift in Sources */ = {isa = PBXBuildFile; fileRef = B87E01F82B05AD4F003FD290 /* FeatureTeamView.swift */; };
		B87E01FD2B06F4B8003FD290 /* GroupsRouter.swift in Sources */ = {isa = PBXBuildFile; fileRef = B87E01FC2B06F4B8003FD290 /* GroupsRouter.swift */; };
		B87E01FF2B06F6D7003FD290 /* GroupsInteractor.swift in Sources */ = {isa = PBXBuildFile; fileRef = B87E01FE2B06F6D7003FD290 /* GroupsInteractor.swift */; };
		B87E02012B06F7DD003FD290 /* GroupsResponse.swift in Sources */ = {isa = PBXBuildFile; fileRef = B87E02002B06F7DD003FD290 /* GroupsResponse.swift */; };
		B87E02042B06FB69003FD290 /* GroupsPresenterInputOutput.swift in Sources */ = {isa = PBXBuildFile; fileRef = B87E02032B06FB69003FD290 /* GroupsPresenterInputOutput.swift */; };
		B87E02062B06FD44003FD290 /* GroupsPresenter.swift in Sources */ = {isa = PBXBuildFile; fileRef = B87E02052B06FD44003FD290 /* GroupsPresenter.swift */; };
		B87E02092B06FF52003FD290 /* GroupsView.swift in Sources */ = {isa = PBXBuildFile; fileRef = B87E02082B06FF52003FD290 /* GroupsView.swift */; };
		B87E020B2B0D8A7A003FD290 /* GroupsDataView.swift in Sources */ = {isa = PBXBuildFile; fileRef = B87E020A2B0D8A7A003FD290 /* GroupsDataView.swift */; };
		B87E020D2B0D8EE1003FD290 /* GroupsTitleDataView.swift in Sources */ = {isa = PBXBuildFile; fileRef = B87E020C2B0D8EE1003FD290 /* GroupsTitleDataView.swift */; };
		B87E020F2B0D9689003FD290 /* GroupsTeamDataViewCell.swift in Sources */ = {isa = PBXBuildFile; fileRef = B87E020E2B0D9689003FD290 /* GroupsTeamDataViewCell.swift */; };
		B87E02112B0D9855003FD290 /* TeamRowView.swift in Sources */ = {isa = PBXBuildFile; fileRef = B87E02102B0D9855003FD290 /* TeamRowView.swift */; };
		B89953A22AF32E6B009C9DF5 /* AppDelegate.swift in Sources */ = {isa = PBXBuildFile; fileRef = B89953A12AF32E6B009C9DF5 /* AppDelegate.swift */; };
		B89953AB2AF32E6C009C9DF5 /* Assets.xcassets in Resources */ = {isa = PBXBuildFile; fileRef = B89953AA2AF32E6C009C9DF5 /* Assets.xcassets */; };
		B89953AE2AF32E6C009C9DF5 /* LaunchScreen.storyboard in Resources */ = {isa = PBXBuildFile; fileRef = B89953AC2AF32E6C009C9DF5 /* LaunchScreen.storyboard */; };
/* End PBXBuildFile section */

/* Begin PBXFileReference section */
		0F4A1831A26329C1E1FE2ACC /* Pods-Futballory.release.xcconfig */ = {isa = PBXFileReference; includeInIndex = 1; lastKnownFileType = text.xcconfig; name = "Pods-Futballory.release.xcconfig"; path = "Target Support Files/Pods-Futballory/Pods-Futballory.release.xcconfig"; sourceTree = "<group>"; };
		6AF6D2897C7B1F2A3C87137A /* Pods_Futballory.framework */ = {isa = PBXFileReference; explicitFileType = wrapper.framework; includeInIndex = 0; path = Pods_Futballory.framework; sourceTree = BUILT_PRODUCTS_DIR; };
		A9EC36AADEDBBA018837EA21 /* Pods-Futballory.debug.xcconfig */ = {isa = PBXFileReference; includeInIndex = 1; lastKnownFileType = text.xcconfig; name = "Pods-Futballory.debug.xcconfig"; path = "Target Support Files/Pods-Futballory/Pods-Futballory.debug.xcconfig"; sourceTree = "<group>"; };
		B87E01A02AF60128003FD290 /* MainTabBarViewController.swift */ = {isa = PBXFileReference; lastKnownFileType = sourcecode.swift; path = MainTabBarViewController.swift; sourceTree = "<group>"; };
		B87E01A42AF60BE0003FD290 /* ImageCatalog.swift */ = {isa = PBXFileReference; lastKnownFileType = sourcecode.swift; path = ImageCatalog.swift; sourceTree = "<group>"; };
		B87E01A72AF60D03003FD290 /* MainRouter.swift */ = {isa = PBXFileReference; lastKnownFileType = sourcecode.swift; path = MainRouter.swift; sourceTree = "<group>"; };
		B87E01A92AF60E1B003FD290 /* MainPresenter.swift */ = {isa = PBXFileReference; lastKnownFileType = sourcecode.swift; path = MainPresenter.swift; sourceTree = "<group>"; };
		B87E01AC2AF60F4A003FD290 /* MainView.swift */ = {isa = PBXFileReference; lastKnownFileType = sourcecode.swift; path = MainView.swift; sourceTree = "<group>"; };
		B87E01AF2AFB26A4003FD290 /* NetworkResult.swift */ = {isa = PBXFileReference; lastKnownFileType = sourcecode.swift; path = NetworkResult.swift; sourceTree = "<group>"; };
		B87E01B12AFB27E0003FD290 /* NetworkRouter.swift */ = {isa = PBXFileReference; lastKnownFileType = sourcecode.swift; path = NetworkRouter.swift; sourceTree = "<group>"; };
		B87E01B32AFB29FA003FD290 /* NetworkManager.swift */ = {isa = PBXFileReference; lastKnownFileType = sourcecode.swift; path = NetworkManager.swift; sourceTree = "<group>"; };
		B87E01B52AFB2CC5003FD290 /* NetworkEndpoints.swift */ = {isa = PBXFileReference; lastKnownFileType = sourcecode.swift; path = NetworkEndpoints.swift; sourceTree = "<group>"; };
		B87E01B82AFC57AC003FD290 /* SplashRouter.swift */ = {isa = PBXFileReference; lastKnownFileType = sourcecode.swift; path = SplashRouter.swift; sourceTree = "<group>"; };
		B87E01BA2AFC5A70003FD290 /* SplashPresenter.swift */ = {isa = PBXFileReference; lastKnownFileType = sourcecode.swift; path = SplashPresenter.swift; sourceTree = "<group>"; };
		B87E01BC2AFC5C6E003FD290 /* SplashView.swift */ = {isa = PBXFileReference; lastKnownFileType = sourcecode.swift; path = SplashView.swift; sourceTree = "<group>"; };
		B87E01BE2AFC6B7D003FD290 /* SplashInteractor.swift */ = {isa = PBXFileReference; lastKnownFileType = sourcecode.swift; path = SplashInteractor.swift; sourceTree = "<group>"; };
		B87E01C12AFC7193003FD290 /* TokenResponse.swift */ = {isa = PBXFileReference; lastKnownFileType = sourcecode.swift; path = TokenResponse.swift; sourceTree = "<group>"; };
		B87E01C42AFC74BD003FD290 /* SplashPresenterInputOutput.swift */ = {isa = PBXFileReference; lastKnownFileType = sourcecode.swift; path = SplashPresenterInputOutput.swift; sourceTree = "<group>"; };
		B87E01C62AFDBDDE003FD290 /* Content.swift */ = {isa = PBXFileReference; lastKnownFileType = sourcecode.swift; path = Content.swift; sourceTree = "<group>"; };
		B87E01C92AFDBEDC003FD290 /* UIViewController+AlertController.swift */ = {isa = PBXFileReference; lastKnownFileType = sourcecode.swift; path = "UIViewController+AlertController.swift"; sourceTree = "<group>"; };
		B87E01CB2AFDC9AF003FD290 /* MainInteractor.swift */ = {isa = PBXFileReference; lastKnownFileType = sourcecode.swift; path = MainInteractor.swift; sourceTree = "<group>"; };
		B87E01CD2AFDCA84003FD290 /* MatchResponse.swift */ = {isa = PBXFileReference; lastKnownFileType = sourcecode.swift; path = MatchResponse.swift; sourceTree = "<group>"; };
		B87E01D02AFDCD04003FD290 /* MainPresenterInputOutput.swift */ = {isa = PBXFileReference; lastKnownFileType = sourcecode.swift; path = MainPresenterInputOutput.swift; sourceTree = "<group>"; };
		B87E01D32B000B69003FD290 /* MainMatchViewCell.swift */ = {isa = PBXFileReference; lastKnownFileType = sourcecode.swift; path = MainMatchViewCell.swift; sourceTree = "<group>"; };
		B87E01D52B0022C0003FD290 /* UIImageView+Extensions.swift */ = {isa = PBXFileReference; lastKnownFileType = sourcecode.swift; path = "UIImageView+Extensions.swift"; sourceTree = "<group>"; };
		B87E01D72B004657003FD290 /* MainMatchScoreView.swift */ = {isa = PBXFileReference; lastKnownFileType = sourcecode.swift; path = MainMatchScoreView.swift; sourceTree = "<group>"; };
		B87E01DA2B006D96003FD290 /* FeaturesTabsRouter.swift */ = {isa = PBXFileReference; lastKnownFileType = sourcecode.swift; path = FeaturesTabsRouter.swift; sourceTree = "<group>"; };
		B87E01E12B007016003FD290 /* FeaturesTabsPresenter.swift */ = {isa = PBXFileReference; lastKnownFileType = sourcecode.swift; path = FeaturesTabsPresenter.swift; sourceTree = "<group>"; };
		B87E01E32B0072BA003FD290 /* FeaturesView.swift */ = {isa = PBXFileReference; lastKnownFileType = sourcecode.swift; path = FeaturesView.swift; sourceTree = "<group>"; };
		B87E01E52B00778F003FD290 /* FeaturesTabsView.swift */ = {isa = PBXFileReference; lastKnownFileType = sourcecode.swift; path = FeaturesTabsView.swift; sourceTree = "<group>"; };
		B87E01E72B0302DA003FD290 /* DateResponse.swift */ = {isa = PBXFileReference; lastKnownFileType = sourcecode.swift; path = DateResponse.swift; sourceTree = "<group>"; };
		B87E01EA2B030543003FD290 /* Defaults.swift */ = {isa = PBXFileReference; lastKnownFileType = sourcecode.swift; path = Defaults.swift; sourceTree = "<group>"; };
		B87E01EF2B031396003FD290 /* FeaturesTabsPresenterInputOutput.swift */ = {isa = PBXFileReference; lastKnownFileType = sourcecode.swift; path = FeaturesTabsPresenterInputOutput.swift; sourceTree = "<group>"; };
		B87E01F12B044879003FD290 /* FeaturesRouter.swift */ = {isa = PBXFileReference; lastKnownFileType = sourcecode.swift; path = FeaturesRouter.swift; sourceTree = "<group>"; };
		B87E01F32B044A70003FD290 /* FeaturesPresenter.swift */ = {isa = PBXFileReference; lastKnownFileType = sourcecode.swift; path = FeaturesPresenter.swift; sourceTree = "<group>"; };
		B87E01F62B05A96A003FD290 /* FeatureViewCell.swift */ = {isa = PBXFileReference; lastKnownFileType = sourcecode.swift; path = FeatureViewCell.swift; sourceTree = "<group>"; };
		B87E01F82B05AD4F003FD290 /* FeatureTeamView.swift */ = {isa = PBXFileReference; lastKnownFileType = sourcecode.swift; path = FeatureTeamView.swift; sourceTree = "<group>"; };
		B87E01FC2B06F4B8003FD290 /* GroupsRouter.swift */ = {isa = PBXFileReference; lastKnownFileType = sourcecode.swift; path = GroupsRouter.swift; sourceTree = "<group>"; };
		B87E01FE2B06F6D7003FD290 /* GroupsInteractor.swift */ = {isa = PBXFileReference; lastKnownFileType = sourcecode.swift; path = GroupsInteractor.swift; sourceTree = "<group>"; };
		B87E02002B06F7DD003FD290 /* GroupsResponse.swift */ = {isa = PBXFileReference; lastKnownFileType = sourcecode.swift; path = GroupsResponse.swift; sourceTree = "<group>"; };
		B87E02032B06FB69003FD290 /* GroupsPresenterInputOutput.swift */ = {isa = PBXFileReference; lastKnownFileType = sourcecode.swift; path = GroupsPresenterInputOutput.swift; sourceTree = "<group>"; };
		B87E02052B06FD44003FD290 /* GroupsPresenter.swift */ = {isa = PBXFileReference; lastKnownFileType = sourcecode.swift; path = GroupsPresenter.swift; sourceTree = "<group>"; };
		B87E02082B06FF52003FD290 /* GroupsView.swift */ = {isa = PBXFileReference; lastKnownFileType = sourcecode.swift; path = GroupsView.swift; sourceTree = "<group>"; };
		B87E020A2B0D8A7A003FD290 /* GroupsDataView.swift */ = {isa = PBXFileReference; lastKnownFileType = sourcecode.swift; path = GroupsDataView.swift; sourceTree = "<group>"; };
		B87E020C2B0D8EE1003FD290 /* GroupsTitleDataView.swift */ = {isa = PBXFileReference; lastKnownFileType = sourcecode.swift; path = GroupsTitleDataView.swift; sourceTree = "<group>"; };
		B87E020E2B0D9689003FD290 /* GroupsTeamDataViewCell.swift */ = {isa = PBXFileReference; lastKnownFileType = sourcecode.swift; path = GroupsTeamDataViewCell.swift; sourceTree = "<group>"; };
		B87E02102B0D9855003FD290 /* TeamRowView.swift */ = {isa = PBXFileReference; lastKnownFileType = sourcecode.swift; path = TeamRowView.swift; sourceTree = "<group>"; };
		B899539E2AF32E6B009C9DF5 /* Futballory.app */ = {isa = PBXFileReference; explicitFileType = wrapper.application; includeInIndex = 0; path = Futballory.app; sourceTree = BUILT_PRODUCTS_DIR; };
		B89953A12AF32E6B009C9DF5 /* AppDelegate.swift */ = {isa = PBXFileReference; lastKnownFileType = sourcecode.swift; path = AppDelegate.swift; sourceTree = "<group>"; };
		B89953AA2AF32E6C009C9DF5 /* Assets.xcassets */ = {isa = PBXFileReference; lastKnownFileType = folder.assetcatalog; path = Assets.xcassets; sourceTree = "<group>"; };
		B89953AD2AF32E6C009C9DF5 /* Base */ = {isa = PBXFileReference; lastKnownFileType = file.storyboard; name = Base; path = Base.lproj/LaunchScreen.storyboard; sourceTree = "<group>"; };
		B89953AF2AF32E6C009C9DF5 /* Info.plist */ = {isa = PBXFileReference; lastKnownFileType = text.plist.xml; path = Info.plist; sourceTree = "<group>"; };
/* End PBXFileReference section */

/* Begin PBXFrameworksBuildPhase section */
		B899539B2AF32E6B009C9DF5 /* Frameworks */ = {
			isa = PBXFrameworksBuildPhase;
			buildActionMask = 2147483647;
			files = (
				4D205C9DBBEE7D729D2CB3C3 /* Pods_Futballory.framework in Frameworks */,
			);
			runOnlyForDeploymentPostprocessing = 0;
		};
/* End PBXFrameworksBuildPhase section */

/* Begin PBXGroup section */
		A567D56EBA9F18F6173A191E /* Frameworks */ = {
			isa = PBXGroup;
			children = (
				6AF6D2897C7B1F2A3C87137A /* Pods_Futballory.framework */,
			);
			name = Frameworks;
			sourceTree = "<group>";
		};
		B87E019F2AF600C5003FD290 /* MainTabBar */ = {
			isa = PBXGroup;
			children = (
				B87E01A02AF60128003FD290 /* MainTabBarViewController.swift */,
			);
			path = MainTabBar;
			sourceTree = "<group>";
		};
		B87E01A22AF60BB4003FD290 /* Utils */ = {
			isa = PBXGroup;
			children = (
				B87E01C82AFDBEA8003FD290 /* Extensions */,
				B87E01A32AF60BC0003FD290 /* UI */,
			);
			path = Utils;
			sourceTree = "<group>";
		};
		B87E01A32AF60BC0003FD290 /* UI */ = {
			isa = PBXGroup;
			children = (
				B87E01A42AF60BE0003FD290 /* ImageCatalog.swift */,
				B87E01C62AFDBDDE003FD290 /* Content.swift */,
			);
			path = UI;
			sourceTree = "<group>";
		};
		B87E01A62AF60CE5003FD290 /* Main */ = {
			isa = PBXGroup;
			children = (
				B87E01D22B000B0C003FD290 /* View */,
				B87E01CF2AFDCCD1003FD290 /* Presenter */,
				B87E01A72AF60D03003FD290 /* MainRouter.swift */,
				B87E01CB2AFDC9AF003FD290 /* MainInteractor.swift */,
			);
			path = Main;
			sourceTree = "<group>";
		};
		B87E01AE2AFB2610003FD290 /* NetworkManager */ = {
			isa = PBXGroup;
			children = (
				B87E01AF2AFB26A4003FD290 /* NetworkResult.swift */,
				B87E01B12AFB27E0003FD290 /* NetworkRouter.swift */,
				B87E01B32AFB29FA003FD290 /* NetworkManager.swift */,
				B87E01B52AFB2CC5003FD290 /* NetworkEndpoints.swift */,
			);
			path = NetworkManager;
			sourceTree = "<group>";
		};
		B87E01B72AFC5792003FD290 /* Splash */ = {
			isa = PBXGroup;
			children = (
				B87E01C32AFC749B003FD290 /* Presenter */,
				B87E01B82AFC57AC003FD290 /* SplashRouter.swift */,
				B87E01BC2AFC5C6E003FD290 /* SplashView.swift */,
				B87E01BE2AFC6B7D003FD290 /* SplashInteractor.swift */,
			);
			path = Splash;
			sourceTree = "<group>";
		};
		B87E01C02AFC7179003FD290 /* Models */ = {
			isa = PBXGroup;
			children = (
				B87E01C12AFC7193003FD290 /* TokenResponse.swift */,
				B87E01CD2AFDCA84003FD290 /* MatchResponse.swift */,
				B87E01E72B0302DA003FD290 /* DateResponse.swift */,
				B87E02002B06F7DD003FD290 /* GroupsResponse.swift */,
			);
			path = Models;
			sourceTree = "<group>";
		};
		B87E01C32AFC749B003FD290 /* Presenter */ = {
			isa = PBXGroup;
			children = (
				B87E01BA2AFC5A70003FD290 /* SplashPresenter.swift */,
				B87E01C42AFC74BD003FD290 /* SplashPresenterInputOutput.swift */,
			);
			path = Presenter;
			sourceTree = "<group>";
		};
		B87E01C82AFDBEA8003FD290 /* Extensions */ = {
			isa = PBXGroup;
			children = (
				B87E01C92AFDBEDC003FD290 /* UIViewController+AlertController.swift */,
				B87E01D52B0022C0003FD290 /* UIImageView+Extensions.swift */,
			);
			path = Extensions;
			sourceTree = "<group>";
		};
		B87E01CF2AFDCCD1003FD290 /* Presenter */ = {
			isa = PBXGroup;
			children = (
				B87E01A92AF60E1B003FD290 /* MainPresenter.swift */,
				B87E01D02AFDCD04003FD290 /* MainPresenterInputOutput.swift */,
			);
			path = Presenter;
			sourceTree = "<group>";
		};
		B87E01D22B000B0C003FD290 /* View */ = {
			isa = PBXGroup;
			children = (
				B87E01AC2AF60F4A003FD290 /* MainView.swift */,
				B87E01D32B000B69003FD290 /* MainMatchViewCell.swift */,
				B87E01D72B004657003FD290 /* MainMatchScoreView.swift */,
			);
			path = View;
			sourceTree = "<group>";
		};
		B87E01D92B006C7F003FD290 /* Features */ = {
			isa = PBXGroup;
			children = (
				B87E01F52B05A923003FD290 /* View */,
				B87E01F12B044879003FD290 /* FeaturesRouter.swift */,
				B87E01F32B044A70003FD290 /* FeaturesPresenter.swift */,
			);
			path = Features;
			sourceTree = "<group>";
		};
		B87E01E92B030529003FD290 /* LocalStorage */ = {
			isa = PBXGroup;
			children = (
				B87E01EA2B030543003FD290 /* Defaults.swift */,
			);
			path = LocalStorage;
			sourceTree = "<group>";
		};
		B87E01ED2B03125C003FD290 /* FeaturesTabs */ = {
			isa = PBXGroup;
			children = (
				B87E01EE2B031368003FD290 /* Presenter */,
				B87E01DA2B006D96003FD290 /* FeaturesTabsRouter.swift */,
				B87E01E52B00778F003FD290 /* FeaturesTabsView.swift */,
			);
			path = FeaturesTabs;
			sourceTree = "<group>";
		};
		B87E01EE2B031368003FD290 /* Presenter */ = {
			isa = PBXGroup;
			children = (
				B87E01E12B007016003FD290 /* FeaturesTabsPresenter.swift */,
				B87E01EF2B031396003FD290 /* FeaturesTabsPresenterInputOutput.swift */,
			);
			path = Presenter;
			sourceTree = "<group>";
		};
		B87E01F52B05A923003FD290 /* View */ = {
			isa = PBXGroup;
			children = (
				B87E01E32B0072BA003FD290 /* FeaturesView.swift */,
				B87E01F62B05A96A003FD290 /* FeatureViewCell.swift */,
				B87E01F82B05AD4F003FD290 /* FeatureTeamView.swift */,
			);
			path = View;
			sourceTree = "<group>";
		};
		B87E01FA2B06F38A003FD290 /* Groups */ = {
			isa = PBXGroup;
			children = (
				B87E02072B06FF32003FD290 /* View */,
				B87E02022B06FB4B003FD290 /* Presenter */,
				B87E01FC2B06F4B8003FD290 /* GroupsRouter.swift */,
				B87E01FE2B06F6D7003FD290 /* GroupsInteractor.swift */,
			);
			path = Groups;
			sourceTree = "<group>";
		};
		B87E02022B06FB4B003FD290 /* Presenter */ = {
			isa = PBXGroup;
			children = (
				B87E02032B06FB69003FD290 /* GroupsPresenterInputOutput.swift */,
				B87E02052B06FD44003FD290 /* GroupsPresenter.swift */,
			);
			path = Presenter;
			sourceTree = "<group>";
		};
		B87E02072B06FF32003FD290 /* View */ = {
			isa = PBXGroup;
			children = (
				B87E02082B06FF52003FD290 /* GroupsView.swift */,
				B87E020A2B0D8A7A003FD290 /* GroupsDataView.swift */,
				B87E020C2B0D8EE1003FD290 /* GroupsTitleDataView.swift */,
				B87E020E2B0D9689003FD290 /* GroupsTeamDataViewCell.swift */,
				B87E02102B0D9855003FD290 /* TeamRowView.swift */,
			);
			path = View;
			sourceTree = "<group>";
		};
		B89953952AF32E6B009C9DF5 = {
			isa = PBXGroup;
			children = (
				B89953A02AF32E6B009C9DF5 /* Futballory */,
				B899539F2AF32E6B009C9DF5 /* Products */,
				E4759EAA60A8B8AB88B61921 /* Pods */,
				A567D56EBA9F18F6173A191E /* Frameworks */,
			);
			sourceTree = "<group>";
		};
		B899539F2AF32E6B009C9DF5 /* Products */ = {
			isa = PBXGroup;
			children = (
				B899539E2AF32E6B009C9DF5 /* Futballory.app */,
			);
			name = Products;
			sourceTree = "<group>";
		};
		B89953A02AF32E6B009C9DF5 /* Futballory */ = {
			isa = PBXGroup;
			children = (
				B87E01FA2B06F38A003FD290 /* Groups */,
				B87E01ED2B03125C003FD290 /* FeaturesTabs */,
				B87E01E92B030529003FD290 /* LocalStorage */,
				B87E01D92B006C7F003FD290 /* Features */,
				B87E01AE2AFB2610003FD290 /* NetworkManager */,
				B87E01A22AF60BB4003FD290 /* Utils */,
				B87E01C02AFC7179003FD290 /* Models */,
				B87E01B72AFC5792003FD290 /* Splash */,
				B87E01A62AF60CE5003FD290 /* Main */,
				B87E019F2AF600C5003FD290 /* MainTabBar */,
				B89953A12AF32E6B009C9DF5 /* AppDelegate.swift */,
				B89953AA2AF32E6C009C9DF5 /* Assets.xcassets */,
				B89953AC2AF32E6C009C9DF5 /* LaunchScreen.storyboard */,
				B89953AF2AF32E6C009C9DF5 /* Info.plist */,
			);
			path = Futballory;
			sourceTree = "<group>";
		};
		E4759EAA60A8B8AB88B61921 /* Pods */ = {
			isa = PBXGroup;
			children = (
				A9EC36AADEDBBA018837EA21 /* Pods-Futballory.debug.xcconfig */,
				0F4A1831A26329C1E1FE2ACC /* Pods-Futballory.release.xcconfig */,
			);
			path = Pods;
			sourceTree = "<group>";
		};
/* End PBXGroup section */

/* Begin PBXNativeTarget section */
		B899539D2AF32E6B009C9DF5 /* Futballory */ = {
			isa = PBXNativeTarget;
			buildConfigurationList = B89953B22AF32E6C009C9DF5 /* Build configuration list for PBXNativeTarget "Futballory" */;
			buildPhases = (
				C999E2539AAAC53E7A741442 /* [CP] Check Pods Manifest.lock */,
				B899539A2AF32E6B009C9DF5 /* Sources */,
				B899539B2AF32E6B009C9DF5 /* Frameworks */,
				B899539C2AF32E6B009C9DF5 /* Resources */,
				6ED95EF0B00E73A1496D4FE9 /* [CP] Embed Pods Frameworks */,
			);
			buildRules = (
			);
			dependencies = (
			);
			name = Futballory;
			productName = Futballory;
			productReference = B899539E2AF32E6B009C9DF5 /* Futballory.app */;
			productType = "com.apple.product-type.application";
		};
/* End PBXNativeTarget section */

/* Begin PBXProject section */
		B89953962AF32E6B009C9DF5 /* Project object */ = {
			isa = PBXProject;
			attributes = {
				BuildIndependentTargetsInParallel = 1;
				LastSwiftUpdateCheck = 1500;
				LastUpgradeCheck = 1500;
				TargetAttributes = {
					B899539D2AF32E6B009C9DF5 = {
						CreatedOnToolsVersion = 15.0.1;
					};
				};
			};
			buildConfigurationList = B89953992AF32E6B009C9DF5 /* Build configuration list for PBXProject "Futballory" */;
			compatibilityVersion = "Xcode 14.0";
			developmentRegion = en;
			hasScannedForEncodings = 0;
			knownRegions = (
				en,
				Base,
			);
			mainGroup = B89953952AF32E6B009C9DF5;
			productRefGroup = B899539F2AF32E6B009C9DF5 /* Products */;
			projectDirPath = "";
			projectRoot = "";
			targets = (
				B899539D2AF32E6B009C9DF5 /* Futballory */,
			);
		};
/* End PBXProject section */

/* Begin PBXResourcesBuildPhase section */
		B899539C2AF32E6B009C9DF5 /* Resources */ = {
			isa = PBXResourcesBuildPhase;
			buildActionMask = 2147483647;
			files = (
				B89953AE2AF32E6C009C9DF5 /* LaunchScreen.storyboard in Resources */,
				B89953AB2AF32E6C009C9DF5 /* Assets.xcassets in Resources */,
			);
			runOnlyForDeploymentPostprocessing = 0;
		};
/* End PBXResourcesBuildPhase section */

/* Begin PBXShellScriptBuildPhase section */
		6ED95EF0B00E73A1496D4FE9 /* [CP] Embed Pods Frameworks */ = {
			isa = PBXShellScriptBuildPhase;
			buildActionMask = 2147483647;
			files = (
			);
			inputFileListPaths = (
				"${PODS_ROOT}/Target Support Files/Pods-Futballory/Pods-Futballory-frameworks-${CONFIGURATION}-input-files.xcfilelist",
			);
			name = "[CP] Embed Pods Frameworks";
			outputFileListPaths = (
				"${PODS_ROOT}/Target Support Files/Pods-Futballory/Pods-Futballory-frameworks-${CONFIGURATION}-output-files.xcfilelist",
			);
			runOnlyForDeploymentPostprocessing = 0;
			shellPath = /bin/sh;
			shellScript = "\"${PODS_ROOT}/Target Support Files/Pods-Futballory/Pods-Futballory-frameworks.sh\"\n";
			showEnvVarsInLog = 0;
		};
		C999E2539AAAC53E7A741442 /* [CP] Check Pods Manifest.lock */ = {
			isa = PBXShellScriptBuildPhase;
			buildActionMask = 2147483647;
			files = (
			);
			inputFileListPaths = (
			);
			inputPaths = (
				"${PODS_PODFILE_DIR_PATH}/Podfile.lock",
				"${PODS_ROOT}/Manifest.lock",
			);
			name = "[CP] Check Pods Manifest.lock";
			outputFileListPaths = (
			);
			outputPaths = (
				"$(DERIVED_FILE_DIR)/Pods-Futballory-checkManifestLockResult.txt",
			);
			runOnlyForDeploymentPostprocessing = 0;
			shellPath = /bin/sh;
			shellScript = "diff \"${PODS_PODFILE_DIR_PATH}/Podfile.lock\" \"${PODS_ROOT}/Manifest.lock\" > /dev/null\nif [ $? != 0 ] ; then\n    # print error to STDERR\n    echo \"error: The sandbox is not in sync with the Podfile.lock. Run 'pod install' or update your CocoaPods installation.\" >&2\n    exit 1\nfi\n# This output is used by Xcode 'outputs' to avoid re-running this script phase.\necho \"SUCCESS\" > \"${SCRIPT_OUTPUT_FILE_0}\"\n";
			showEnvVarsInLog = 0;
		};
/* End PBXShellScriptBuildPhase section */

/* Begin PBXSourcesBuildPhase section */
		B899539A2AF32E6B009C9DF5 /* Sources */ = {
			isa = PBXSourcesBuildPhase;
			buildActionMask = 2147483647;
			files = (
				B87E01A82AF60D03003FD290 /* MainRouter.swift in Sources */,
				B87E01F42B044A70003FD290 /* FeaturesPresenter.swift in Sources */,
				B87E01E22B007016003FD290 /* FeaturesTabsPresenter.swift in Sources */,
				B87E01F72B05A96A003FD290 /* FeatureViewCell.swift in Sources */,
				B87E02092B06FF52003FD290 /* GroupsView.swift in Sources */,
				B87E01DB2B006D96003FD290 /* FeaturesTabsRouter.swift in Sources */,
				B87E01D12AFDCD04003FD290 /* MainPresenterInputOutput.swift in Sources */,
				B87E01CA2AFDBEDC003FD290 /* UIViewController+AlertController.swift in Sources */,
				B87E01B92AFC57AC003FD290 /* SplashRouter.swift in Sources */,
				B87E01AD2AF60F4A003FD290 /* MainView.swift in Sources */,
				B87E01B42AFB29FA003FD290 /* NetworkManager.swift in Sources */,
				B87E01C22AFC7193003FD290 /* TokenResponse.swift in Sources */,
				B87E01AA2AF60E1B003FD290 /* MainPresenter.swift in Sources */,
				B87E01D62B0022C0003FD290 /* UIImageView+Extensions.swift in Sources */,
				B87E020D2B0D8EE1003FD290 /* GroupsTitleDataView.swift in Sources */,
				B87E01A12AF60128003FD290 /* MainTabBarViewController.swift in Sources */,
				B87E01E82B0302DA003FD290 /* DateResponse.swift in Sources */,
				B89953A22AF32E6B009C9DF5 /* AppDelegate.swift in Sources */,
				B87E02062B06FD44003FD290 /* GroupsPresenter.swift in Sources */,
				B87E020B2B0D8A7A003FD290 /* GroupsDataView.swift in Sources */,
				B87E01CC2AFDC9AF003FD290 /* MainInteractor.swift in Sources */,
				B87E01F22B044879003FD290 /* FeaturesRouter.swift in Sources */,
				B87E01D82B004657003FD290 /* MainMatchScoreView.swift in Sources */,
				B87E01D42B000B69003FD290 /* MainMatchViewCell.swift in Sources */,
				B87E01A52AF60BE0003FD290 /* ImageCatalog.swift in Sources */,
				B87E01E42B0072BA003FD290 /* FeaturesView.swift in Sources */,
				B87E01F92B05AD4F003FD290 /* FeatureTeamView.swift in Sources */,
				B87E020F2B0D9689003FD290 /* GroupsTeamDataViewCell.swift in Sources */,
				B87E02042B06FB69003FD290 /* GroupsPresenterInputOutput.swift in Sources */,
				B87E01BF2AFC6B7D003FD290 /* SplashInteractor.swift in Sources */,
				B87E01B02AFB26A4003FD290 /* NetworkResult.swift in Sources */,
				B87E01F02B031396003FD290 /* FeaturesTabsPresenterInputOutput.swift in Sources */,
				B87E01FD2B06F4B8003FD290 /* GroupsRouter.swift in Sources */,
				B87E01B22AFB27E0003FD290 /* NetworkRouter.swift in Sources */,
				B87E01B62AFB2CC5003FD290 /* NetworkEndpoints.swift in Sources */,
				B87E01BB2AFC5A70003FD290 /* SplashPresenter.swift in Sources */,
				B87E01C52AFC74BD003FD290 /* SplashPresenterInputOutput.swift in Sources */,
				B87E01C72AFDBDDE003FD290 /* Content.swift in Sources */,
				B87E01E62B00778F003FD290 /* FeaturesTabsView.swift in Sources */,
				B87E01FF2B06F6D7003FD290 /* GroupsInteractor.swift in Sources */,
				B87E02012B06F7DD003FD290 /* GroupsResponse.swift in Sources */,
				B87E01EB2B030543003FD290 /* Defaults.swift in Sources */,
				B87E02112B0D9855003FD290 /* TeamRowView.swift in Sources */,
				B87E01CE2AFDCA84003FD290 /* MatchResponse.swift in Sources */,
				B87E01BD2AFC5C6E003FD290 /* SplashView.swift in Sources */,
			);
			runOnlyForDeploymentPostprocessing = 0;
		};
/* End PBXSourcesBuildPhase section */

/* Begin PBXVariantGroup section */
		B89953AC2AF32E6C009C9DF5 /* LaunchScreen.storyboard */ = {
			isa = PBXVariantGroup;
			children = (
				B89953AD2AF32E6C009C9DF5 /* Base */,
			);
			name = LaunchScreen.storyboard;
			sourceTree = "<group>";
		};
/* End PBXVariantGroup section */

/* Begin XCBuildConfiguration section */
		B89953B02AF32E6C009C9DF5 /* Debug */ = {
			isa = XCBuildConfiguration;
			buildSettings = {
				ALWAYS_SEARCH_USER_PATHS = NO;
				ASSETCATALOG_COMPILER_GENERATE_SWIFT_ASSET_SYMBOL_EXTENSIONS = YES;
				CLANG_ANALYZER_NONNULL = YES;
				CLANG_ANALYZER_NUMBER_OBJECT_CONVERSION = YES_AGGRESSIVE;
				CLANG_CXX_LANGUAGE_STANDARD = "gnu++20";
				CLANG_ENABLE_MODULES = YES;
				CLANG_ENABLE_OBJC_ARC = YES;
				CLANG_ENABLE_OBJC_WEAK = YES;
				CLANG_WARN_BLOCK_CAPTURE_AUTORELEASING = YES;
				CLANG_WARN_BOOL_CONVERSION = YES;
				CLANG_WARN_COMMA = YES;
				CLANG_WARN_CONSTANT_CONVERSION = YES;
				CLANG_WARN_DEPRECATED_OBJC_IMPLEMENTATIONS = YES;
				CLANG_WARN_DIRECT_OBJC_ISA_USAGE = YES_ERROR;
				CLANG_WARN_DOCUMENTATION_COMMENTS = YES;
				CLANG_WARN_EMPTY_BODY = YES;
				CLANG_WARN_ENUM_CONVERSION = YES;
				CLANG_WARN_INFINITE_RECURSION = YES;
				CLANG_WARN_INT_CONVERSION = YES;
				CLANG_WARN_NON_LITERAL_NULL_CONVERSION = YES;
				CLANG_WARN_OBJC_IMPLICIT_RETAIN_SELF = YES;
				CLANG_WARN_OBJC_LITERAL_CONVERSION = YES;
				CLANG_WARN_OBJC_ROOT_CLASS = YES_ERROR;
				CLANG_WARN_QUOTED_INCLUDE_IN_FRAMEWORK_HEADER = YES;
				CLANG_WARN_RANGE_LOOP_ANALYSIS = YES;
				CLANG_WARN_STRICT_PROTOTYPES = YES;
				CLANG_WARN_SUSPICIOUS_MOVE = YES;
				CLANG_WARN_UNGUARDED_AVAILABILITY = YES_AGGRESSIVE;
				CLANG_WARN_UNREACHABLE_CODE = YES;
				CLANG_WARN__DUPLICATE_METHOD_MATCH = YES;
				COPY_PHASE_STRIP = NO;
				DEBUG_INFORMATION_FORMAT = dwarf;
				ENABLE_STRICT_OBJC_MSGSEND = YES;
				ENABLE_TESTABILITY = YES;
				ENABLE_USER_SCRIPT_SANDBOXING = YES;
				GCC_C_LANGUAGE_STANDARD = gnu17;
				GCC_DYNAMIC_NO_PIC = NO;
				GCC_NO_COMMON_BLOCKS = YES;
				GCC_OPTIMIZATION_LEVEL = 0;
				GCC_PREPROCESSOR_DEFINITIONS = (
					"DEBUG=1",
					"$(inherited)",
				);
				GCC_WARN_64_TO_32_BIT_CONVERSION = YES;
				GCC_WARN_ABOUT_RETURN_TYPE = YES_ERROR;
				GCC_WARN_UNDECLARED_SELECTOR = YES;
				GCC_WARN_UNINITIALIZED_AUTOS = YES_AGGRESSIVE;
				GCC_WARN_UNUSED_FUNCTION = YES;
				GCC_WARN_UNUSED_VARIABLE = YES;
				IPHONEOS_DEPLOYMENT_TARGET = 17.0;
				LOCALIZATION_PREFERS_STRING_CATALOGS = YES;
				MTL_ENABLE_DEBUG_INFO = INCLUDE_SOURCE;
				MTL_FAST_MATH = YES;
				ONLY_ACTIVE_ARCH = YES;
				SDKROOT = iphoneos;
				SWIFT_ACTIVE_COMPILATION_CONDITIONS = "DEBUG $(inherited)";
				SWIFT_OPTIMIZATION_LEVEL = "-Onone";
			};
			name = Debug;
		};
		B89953B12AF32E6C009C9DF5 /* Release */ = {
			isa = XCBuildConfiguration;
			buildSettings = {
				ALWAYS_SEARCH_USER_PATHS = NO;
				ASSETCATALOG_COMPILER_GENERATE_SWIFT_ASSET_SYMBOL_EXTENSIONS = YES;
				CLANG_ANALYZER_NONNULL = YES;
				CLANG_ANALYZER_NUMBER_OBJECT_CONVERSION = YES_AGGRESSIVE;
				CLANG_CXX_LANGUAGE_STANDARD = "gnu++20";
				CLANG_ENABLE_MODULES = YES;
				CLANG_ENABLE_OBJC_ARC = YES;
				CLANG_ENABLE_OBJC_WEAK = YES;
				CLANG_WARN_BLOCK_CAPTURE_AUTORELEASING = YES;
				CLANG_WARN_BOOL_CONVERSION = YES;
				CLANG_WARN_COMMA = YES;
				CLANG_WARN_CONSTANT_CONVERSION = YES;
				CLANG_WARN_DEPRECATED_OBJC_IMPLEMENTATIONS = YES;
				CLANG_WARN_DIRECT_OBJC_ISA_USAGE = YES_ERROR;
				CLANG_WARN_DOCUMENTATION_COMMENTS = YES;
				CLANG_WARN_EMPTY_BODY = YES;
				CLANG_WARN_ENUM_CONVERSION = YES;
				CLANG_WARN_INFINITE_RECURSION = YES;
				CLANG_WARN_INT_CONVERSION = YES;
				CLANG_WARN_NON_LITERAL_NULL_CONVERSION = YES;
				CLANG_WARN_OBJC_IMPLICIT_RETAIN_SELF = YES;
				CLANG_WARN_OBJC_LITERAL_CONVERSION = YES;
				CLANG_WARN_OBJC_ROOT_CLASS = YES_ERROR;
				CLANG_WARN_QUOTED_INCLUDE_IN_FRAMEWORK_HEADER = YES;
				CLANG_WARN_RANGE_LOOP_ANALYSIS = YES;
				CLANG_WARN_STRICT_PROTOTYPES = YES;
				CLANG_WARN_SUSPICIOUS_MOVE = YES;
				CLANG_WARN_UNGUARDED_AVAILABILITY = YES_AGGRESSIVE;
				CLANG_WARN_UNREACHABLE_CODE = YES;
				CLANG_WARN__DUPLICATE_METHOD_MATCH = YES;
				COPY_PHASE_STRIP = NO;
				DEBUG_INFORMATION_FORMAT = "dwarf-with-dsym";
				ENABLE_NS_ASSERTIONS = NO;
				ENABLE_STRICT_OBJC_MSGSEND = YES;
				ENABLE_USER_SCRIPT_SANDBOXING = YES;
				GCC_C_LANGUAGE_STANDARD = gnu17;
				GCC_NO_COMMON_BLOCKS = YES;
				GCC_WARN_64_TO_32_BIT_CONVERSION = YES;
				GCC_WARN_ABOUT_RETURN_TYPE = YES_ERROR;
				GCC_WARN_UNDECLARED_SELECTOR = YES;
				GCC_WARN_UNINITIALIZED_AUTOS = YES_AGGRESSIVE;
				GCC_WARN_UNUSED_FUNCTION = YES;
				GCC_WARN_UNUSED_VARIABLE = YES;
				IPHONEOS_DEPLOYMENT_TARGET = 17.0;
				LOCALIZATION_PREFERS_STRING_CATALOGS = YES;
				MTL_ENABLE_DEBUG_INFO = NO;
				MTL_FAST_MATH = YES;
				SDKROOT = iphoneos;
				SWIFT_COMPILATION_MODE = wholemodule;
				VALIDATE_PRODUCT = YES;
			};
			name = Release;
		};
		B89953B32AF32E6C009C9DF5 /* Debug */ = {
			isa = XCBuildConfiguration;
			baseConfigurationReference = A9EC36AADEDBBA018837EA21 /* Pods-Futballory.debug.xcconfig */;
			buildSettings = {
				ASSETCATALOG_COMPILER_APPICON_NAME = AppIcon;
				ASSETCATALOG_COMPILER_GLOBAL_ACCENT_COLOR_NAME = AccentColor;
				CODE_SIGN_STYLE = Automatic;
				CURRENT_PROJECT_VERSION = 1;
				DEVELOPMENT_TEAM = 6K7VRQC2P5;
				ENABLE_USER_SCRIPT_SANDBOXING = NO;
				GENERATE_INFOPLIST_FILE = YES;
				INFOPLIST_FILE = Futballory/Info.plist;
				INFOPLIST_KEY_UIApplicationSupportsIndirectInputEvents = YES;
				INFOPLIST_KEY_UILaunchStoryboardName = LaunchScreen;
				INFOPLIST_KEY_UISupportedInterfaceOrientations_iPad = "UIInterfaceOrientationPortrait UIInterfaceOrientationPortraitUpsideDown UIInterfaceOrientationLandscapeLeft UIInterfaceOrientationLandscapeRight";
				INFOPLIST_KEY_UISupportedInterfaceOrientations_iPhone = "UIInterfaceOrientationPortrait UIInterfaceOrientationLandscapeLeft UIInterfaceOrientationLandscapeRight";
				LD_RUNPATH_SEARCH_PATHS = (
					"$(inherited)",
					"@executable_path/Frameworks",
				);
				MARKETING_VERSION = 1.0;
				PRODUCT_BUNDLE_IDENTIFIER = aldaDev.Futballory;
				PRODUCT_NAME = "$(TARGET_NAME)";
				SWIFT_EMIT_LOC_STRINGS = YES;
				SWIFT_VERSION = 5.0;
				TARGETED_DEVICE_FAMILY = "1,2";
			};
			name = Debug;
		};
		B89953B42AF32E6C009C9DF5 /* Release */ = {
			isa = XCBuildConfiguration;
			baseConfigurationReference = 0F4A1831A26329C1E1FE2ACC /* Pods-Futballory.release.xcconfig */;
			buildSettings = {
				ASSETCATALOG_COMPILER_APPICON_NAME = AppIcon;
				ASSETCATALOG_COMPILER_GLOBAL_ACCENT_COLOR_NAME = AccentColor;
				CODE_SIGN_STYLE = Automatic;
				CURRENT_PROJECT_VERSION = 1;
				DEVELOPMENT_TEAM = 6K7VRQC2P5;
				ENABLE_USER_SCRIPT_SANDBOXING = NO;
				GENERATE_INFOPLIST_FILE = YES;
				INFOPLIST_FILE = Futballory/Info.plist;
				INFOPLIST_KEY_UIApplicationSupportsIndirectInputEvents = YES;
				INFOPLIST_KEY_UILaunchStoryboardName = LaunchScreen;
				INFOPLIST_KEY_UISupportedInterfaceOrientations_iPad = "UIInterfaceOrientationPortrait UIInterfaceOrientationPortraitUpsideDown UIInterfaceOrientationLandscapeLeft UIInterfaceOrientationLandscapeRight";
				INFOPLIST_KEY_UISupportedInterfaceOrientations_iPhone = "UIInterfaceOrientationPortrait UIInterfaceOrientationLandscapeLeft UIInterfaceOrientationLandscapeRight";
				LD_RUNPATH_SEARCH_PATHS = (
					"$(inherited)",
					"@executable_path/Frameworks",
				);
				MARKETING_VERSION = 1.0;
				PRODUCT_BUNDLE_IDENTIFIER = aldaDev.Futballory;
				PRODUCT_NAME = "$(TARGET_NAME)";
				SWIFT_EMIT_LOC_STRINGS = YES;
				SWIFT_VERSION = 5.0;
				TARGETED_DEVICE_FAMILY = "1,2";
			};
			name = Release;
		};
/* End XCBuildConfiguration section */

/* Begin XCConfigurationList section */
		B89953992AF32E6B009C9DF5 /* Build configuration list for PBXProject "Futballory" */ = {
			isa = XCConfigurationList;
			buildConfigurations = (
				B89953B02AF32E6C009C9DF5 /* Debug */,
				B89953B12AF32E6C009C9DF5 /* Release */,
			);
			defaultConfigurationIsVisible = 0;
			defaultConfigurationName = Release;
		};
		B89953B22AF32E6C009C9DF5 /* Build configuration list for PBXNativeTarget "Futballory" */ = {
			isa = XCConfigurationList;
			buildConfigurations = (
				B89953B32AF32E6C009C9DF5 /* Debug */,
				B89953B42AF32E6C009C9DF5 /* Release */,
			);
			defaultConfigurationIsVisible = 0;
			defaultConfigurationName = Release;
		};
/* End XCConfigurationList section */
	};
	rootObject = B89953962AF32E6B009C9DF5 /* Project object */;
}
